// !$*UTF8*$!
{
	archiveVersion = 1;
	classes = {
	};
	objectVersion = 46;
	objects = {

/* Begin PBXBuildFile section */
		BE7BBC511DA70A5B00ABDB4F /* AppDelegate.swift in Sources */ = {isa = PBXBuildFile; fileRef = BE7BBC501DA70A5B00ABDB4F /* AppDelegate.swift */; };
		BE7BBC531DA70A5B00ABDB4F /* ViewController.swift in Sources */ = {isa = PBXBuildFile; fileRef = BE7BBC521DA70A5B00ABDB4F /* ViewController.swift */; };
		BE7BBC561DA70A5B00ABDB4F /* Main.storyboard in Resources */ = {isa = PBXBuildFile; fileRef = BE7BBC541DA70A5B00ABDB4F /* Main.storyboard */; };
		BE7BBC581DA70A5B00ABDB4F /* Assets.xcassets in Resources */ = {isa = PBXBuildFile; fileRef = BE7BBC571DA70A5B00ABDB4F /* Assets.xcassets */; };
		BE7BBC5B1DA70A5B00ABDB4F /* LaunchScreen.storyboard in Resources */ = {isa = PBXBuildFile; fileRef = BE7BBC591DA70A5B00ABDB4F /* LaunchScreen.storyboard */; };
		BE7BBC661DA70A5C00ABDB4F /* pruebasGITHUBOCT16Tests.swift in Sources */ = {isa = PBXBuildFile; fileRef = BE7BBC651DA70A5C00ABDB4F /* pruebasGITHUBOCT16Tests.swift */; };
		BE7BBC711DA70A5C00ABDB4F /* pruebasGITHUBOCT16UITests.swift in Sources */ = {isa = PBXBuildFile; fileRef = BE7BBC701DA70A5C00ABDB4F /* pruebasGITHUBOCT16UITests.swift */; };
/* End PBXBuildFile section */

/* Begin PBXContainerItemProxy section */
		BE7BBC621DA70A5C00ABDB4F /* PBXContainerItemProxy */ = {
			isa = PBXContainerItemProxy;
			containerPortal = BE7BBC451DA70A5A00ABDB4F /* Project object */;
			proxyType = 1;
			remoteGlobalIDString = BE7BBC4C1DA70A5B00ABDB4F;
			remoteInfo = pruebasGITHUBOCT16;
		};
		BE7BBC6D1DA70A5C00ABDB4F /* PBXContainerItemProxy */ = {
			isa = PBXContainerItemProxy;
			containerPortal = BE7BBC451DA70A5A00ABDB4F /* Project object */;
			proxyType = 1;
			remoteGlobalIDString = BE7BBC4C1DA70A5B00ABDB4F;
			remoteInfo = pruebasGITHUBOCT16;
		};
/* End PBXContainerItemProxy section */

/* Begin PBXFileReference section */
		BE7BBC4D1DA70A5B00ABDB4F /* pruebasGITHUBOCT16.app */ = {isa = PBXFileReference; explicitFileType = wrapper.application; includeInIndex = 0; path = pruebasGITHUBOCT16.app; sourceTree = BUILT_PRODUCTS_DIR; };
		BE7BBC501DA70A5B00ABDB4F /* AppDelegate.swift */ = {isa = PBXFileReference; lastKnownFileType = sourcecode.swift; path = AppDelegate.swift; sourceTree = "<group>"; };
		BE7BBC521DA70A5B00ABDB4F /* ViewController.swift */ = {isa = PBXFileReference; lastKnownFileType = sourcecode.swift; path = ViewController.swift; sourceTree = "<group>"; };
		BE7BBC551DA70A5B00ABDB4F /* Base */ = {isa = PBXFileReference; lastKnownFileType = file.storyboard; name = Base; path = Base.lproj/Main.storyboard; sourceTree = "<group>"; };
		BE7BBC571DA70A5B00ABDB4F /* Assets.xcassets */ = {isa = PBXFileReference; lastKnownFileType = folder.assetcatalog; path = Assets.xcassets; sourceTree = "<group>"; };
		BE7BBC5A1DA70A5B00ABDB4F /* Base */ = {isa = PBXFileReference; lastKnownFileType = file.storyboard; name = Base; path = Base.lproj/LaunchScreen.storyboard; sourceTree = "<group>"; };
		BE7BBC5C1DA70A5B00ABDB4F /* Info.plist */ = {isa = PBXFileReference; lastKnownFileType = text.plist.xml; path = Info.plist; sourceTree = "<group>"; };
		BE7BBC611DA70A5C00ABDB4F /* pruebasGITHUBOCT16Tests.xctest */ = {isa = PBXFileReference; explicitFileType = wrapper.cfbundle; includeInIndex = 0; path = pruebasGITHUBOCT16Tests.xctest; sourceTree = BUILT_PRODUCTS_DIR; };
		BE7BBC651DA70A5C00ABDB4F /* pruebasGITHUBOCT16Tests.swift */ = {isa = PBXFileReference; lastKnownFileType = sourcecode.swift; path = pruebasGITHUBOCT16Tests.swift; sourceTree = "<group>"; };
		BE7BBC671DA70A5C00ABDB4F /* Info.plist */ = {isa = PBXFileReference; lastKnownFileType = text.plist.xml; path = Info.plist; sourceTree = "<group>"; };
		BE7BBC6C1DA70A5C00ABDB4F /* pruebasGITHUBOCT16UITests.xctest */ = {isa = PBXFileReference; explicitFileType = wrapper.cfbundle; includeInIndex = 0; path = pruebasGITHUBOCT16UITests.xctest; sourceTree = BUILT_PRODUCTS_DIR; };
		BE7BBC701DA70A5C00ABDB4F /* pruebasGITHUBOCT16UITests.swift */ = {isa = PBXFileReference; lastKnownFileType = sourcecode.swift; path = pruebasGITHUBOCT16UITests.swift; sourceTree = "<group>"; };
		BE7BBC721DA70A5C00ABDB4F /* Info.plist */ = {isa = PBXFileReference; lastKnownFileType = text.plist.xml; path = Info.plist; sourceTree = "<group>"; };
/* End PBXFileReference section */

/* Begin PBXFrameworksBuildPhase section */
		BE7BBC4A1DA70A5B00ABDB4F /* Frameworks */ = {
			isa = PBXFrameworksBuildPhase;
			buildActionMask = 2147483647;
			files = (
			);
			runOnlyForDeploymentPostprocessing = 0;
		};
		BE7BBC5E1DA70A5C00ABDB4F /* Frameworks */ = {
			isa = PBXFrameworksBuildPhase;
			buildActionMask = 2147483647;
			files = (
			);
			runOnlyForDeploymentPostprocessing = 0;
		};
		BE7BBC691DA70A5C00ABDB4F /* Frameworks */ = {
			isa = PBXFrameworksBuildPhase;
			buildActionMask = 2147483647;
			files = (
			);
			runOnlyForDeploymentPostprocessing = 0;
		};
/* End PBXFrameworksBuildPhase section */

/* Begin PBXGroup section */
		BE7BBC441DA70A5A00ABDB4F = {
			isa = PBXGroup;
			children = (
				BE7BBC4F1DA70A5B00ABDB4F /* pruebasGITHUBOCT16 */,
				BE7BBC641DA70A5C00ABDB4F /* pruebasGITHUBOCT16Tests */,
				BE7BBC6F1DA70A5C00ABDB4F /* pruebasGITHUBOCT16UITests */,
				BE7BBC4E1DA70A5B00ABDB4F /* Products */,
			);
			sourceTree = "<group>";
		};
		BE7BBC4E1DA70A5B00ABDB4F /* Products */ = {
			isa = PBXGroup;
			children = (
				BE7BBC4D1DA70A5B00ABDB4F /* pruebasGITHUBOCT16.app */,
				BE7BBC611DA70A5C00ABDB4F /* pruebasGITHUBOCT16Tests.xctest */,
				BE7BBC6C1DA70A5C00ABDB4F /* pruebasGITHUBOCT16UITests.xctest */,
			);
			name = Products;
			sourceTree = "<group>";
		};
		BE7BBC4F1DA70A5B00ABDB4F /* pruebasGITHUBOCT16 */ = {
			isa = PBXGroup;
			children = (
				BE7BBC501DA70A5B00ABDB4F /* AppDelegate.swift */,
				BE7BBC521DA70A5B00ABDB4F /* ViewController.swift */,
				BE7BBC541DA70A5B00ABDB4F /* Main.storyboard */,
				BE7BBC571DA70A5B00ABDB4F /* Assets.xcassets */,
				BE7BBC591DA70A5B00ABDB4F /* LaunchScreen.storyboard */,
				BE7BBC5C1DA70A5B00ABDB4F /* Info.plist */,
			);
			path = pruebasGITHUBOCT16;
			sourceTree = "<group>";
		};
		BE7BBC641DA70A5C00ABDB4F /* pruebasGITHUBOCT16Tests */ = {
			isa = PBXGroup;
			children = (
				BE7BBC651DA70A5C00ABDB4F /* pruebasGITHUBOCT16Tests.swift */,
				BE7BBC671DA70A5C00ABDB4F /* Info.plist */,
			);
			path = pruebasGITHUBOCT16Tests;
			sourceTree = "<group>";
		};
		BE7BBC6F1DA70A5C00ABDB4F /* pruebasGITHUBOCT16UITests */ = {
			isa = PBXGroup;
			children = (
				BE7BBC701DA70A5C00ABDB4F /* pruebasGITHUBOCT16UITests.swift */,
				BE7BBC721DA70A5C00ABDB4F /* Info.plist */,
			);
			path = pruebasGITHUBOCT16UITests;
			sourceTree = "<group>";
		};
/* End PBXGroup section */

/* Begin PBXNativeTarget section */
		BE7BBC4C1DA70A5B00ABDB4F /* pruebasGITHUBOCT16 */ = {
			isa = PBXNativeTarget;
			buildConfigurationList = BE7BBC751DA70A5C00ABDB4F /* Build configuration list for PBXNativeTarget "pruebasGITHUBOCT16" */;
			buildPhases = (
				BE7BBC491DA70A5B00ABDB4F /* Sources */,
				BE7BBC4A1DA70A5B00ABDB4F /* Frameworks */,
				BE7BBC4B1DA70A5B00ABDB4F /* Resources */,
			);
			buildRules = (
			);
			dependencies = (
			);
			name = pruebasGITHUBOCT16;
			productName = pruebasGITHUBOCT16;
			productReference = BE7BBC4D1DA70A5B00ABDB4F /* pruebasGITHUBOCT16.app */;
			productType = "com.apple.product-type.application";
		};
		BE7BBC601DA70A5C00ABDB4F /* pruebasGITHUBOCT16Tests */ = {
			isa = PBXNativeTarget;
			buildConfigurationList = BE7BBC781DA70A5C00ABDB4F /* Build configuration list for PBXNativeTarget "pruebasGITHUBOCT16Tests" */;
			buildPhases = (
				BE7BBC5D1DA70A5C00ABDB4F /* Sources */,
				BE7BBC5E1DA70A5C00ABDB4F /* Frameworks */,
				BE7BBC5F1DA70A5C00ABDB4F /* Resources */,
			);
			buildRules = (
			);
			dependencies = (
				BE7BBC631DA70A5C00ABDB4F /* PBXTargetDependency */,
			);
			name = pruebasGITHUBOCT16Tests;
			productName = pruebasGITHUBOCT16Tests;
			productReference = BE7BBC611DA70A5C00ABDB4F /* pruebasGITHUBOCT16Tests.xctest */;
			productType = "com.apple.product-type.bundle.unit-test";
		};
		BE7BBC6B1DA70A5C00ABDB4F /* pruebasGITHUBOCT16UITests */ = {
			isa = PBXNativeTarget;
			buildConfigurationList = BE7BBC7B1DA70A5C00ABDB4F /* Build configuration list for PBXNativeTarget "pruebasGITHUBOCT16UITests" */;
			buildPhases = (
				BE7BBC681DA70A5C00ABDB4F /* Sources */,
				BE7BBC691DA70A5C00ABDB4F /* Frameworks */,
				BE7BBC6A1DA70A5C00ABDB4F /* Resources */,
			);
			buildRules = (
			);
			dependencies = (
				BE7BBC6E1DA70A5C00ABDB4F /* PBXTargetDependency */,
			);
			name = pruebasGITHUBOCT16UITests;
			productName = pruebasGITHUBOCT16UITests;
			productReference = BE7BBC6C1DA70A5C00ABDB4F /* pruebasGITHUBOCT16UITests.xctest */;
			productType = "com.apple.product-type.bundle.ui-testing";
		};
/* End PBXNativeTarget section */

/* Begin PBXProject section */
		BE7BBC451DA70A5A00ABDB4F /* Project object */ = {
			isa = PBXProject;
			attributes = {
				LastSwiftUpdateCheck = 0730;
				LastUpgradeCheck = 0730;
				ORGANIZATIONNAME = "HECTOR MARTINEZ";
				TargetAttributes = {
					BE7BBC4C1DA70A5B00ABDB4F = {
						CreatedOnToolsVersion = 7.3.1;
					};
					BE7BBC601DA70A5C00ABDB4F = {
						CreatedOnToolsVersion = 7.3.1;
						TestTargetID = BE7BBC4C1DA70A5B00ABDB4F;
					};
					BE7BBC6B1DA70A5C00ABDB4F = {
						CreatedOnToolsVersion = 7.3.1;
						TestTargetID = BE7BBC4C1DA70A5B00ABDB4F;
					};
				};
			};
			buildConfigurationList = BE7BBC481DA70A5B00ABDB4F /* Build configuration list for PBXProject "pruebasGITHUBOCT16" */;
			compatibilityVersion = "Xcode 3.2";
			developmentRegion = English;
			hasScannedForEncodings = 0;
			knownRegions = (
				en,
				Base,
			);
			mainGroup = BE7BBC441DA70A5A00ABDB4F;
			productRefGroup = BE7BBC4E1DA70A5B00ABDB4F /* Products */;
			projectDirPath = "";
			projectRoot = "";
			targets = (
				BE7BBC4C1DA70A5B00ABDB4F /* pruebasGITHUBOCT16 */,
				BE7BBC601DA70A5C00ABDB4F /* pruebasGITHUBOCT16Tests */,
				BE7BBC6B1DA70A5C00ABDB4F /* pruebasGITHUBOCT16UITests */,
			);
		};
/* End PBXProject section */

/* Begin PBXResourcesBuildPhase section */
		BE7BBC4B1DA70A5B00ABDB4F /* Resources */ = {
			isa = PBXResourcesBuildPhase;
			buildActionMask = 2147483647;
			files = (
				BE7BBC5B1DA70A5B00ABDB4F /* LaunchScreen.storyboard in Resources */,
				BE7BBC581DA70A5B00ABDB4F /* Assets.xcassets in Resources */,
				BE7BBC561DA70A5B00ABDB4F /* Main.storyboard in Resources */,
			);
			runOnlyForDeploymentPostprocessing = 0;
		};
		BE7BBC5F1DA70A5C00ABDB4F /* Resources */ = {
			isa = PBXResourcesBuildPhase;
			buildActionMask = 2147483647;
			files = (
			);
			runOnlyForDeploymentPostprocessing = 0;
		};
		BE7BBC6A1DA70A5C00ABDB4F /* Resources */ = {
			isa = PBXResourcesBuildPhase;
			buildActionMask = 2147483647;
			files = (
			);
			runOnlyForDeploymentPostprocessing = 0;
		};
/* End PBXResourcesBuildPhase section */

/* Begin PBXSourcesBuildPhase section */
		BE7BBC491DA70A5B00ABDB4F /* Sources */ = {
			isa = PBXSourcesBuildPhase;
			buildActionMask = 2147483647;
			files = (
				BE7BBC531DA70A5B00ABDB4F /* ViewController.swift in Sources */,
				BE7BBC511DA70A5B00ABDB4F /* AppDelegate.swift in Sources */,
			);
			runOnlyForDeploymentPostprocessing = 0;
		};
		BE7BBC5D1DA70A5C00ABDB4F /* Sources */ = {
			isa = PBXSourcesBuildPhase;
			buildActionMask = 2147483647;
			files = (
				BE7BBC661DA70A5C00ABDB4F /* pruebasGITHUBOCT16Tests.swift in Sources */,
			);
			runOnlyForDeploymentPostprocessing = 0;
		};
		BE7BBC681DA70A5C00ABDB4F /* Sources */ = {
			isa = PBXSourcesBuildPhase;
			buildActionMask = 2147483647;
			files = (
				BE7BBC711DA70A5C00ABDB4F /* pruebasGITHUBOCT16UITests.swift in Sources */,
			);
			runOnlyForDeploymentPostprocessing = 0;
		};
/* End PBXSourcesBuildPhase section */

/* Begin PBXTargetDependency section */
		BE7BBC631DA70A5C00ABDB4F /* PBXTargetDependency */ = {
			isa = PBXTargetDependency;
			target = BE7BBC4C1DA70A5B00ABDB4F /* pruebasGITHUBOCT16 */;
			targetProxy = BE7BBC621DA70A5C00ABDB4F /* PBXContainerItemProxy */;
		};
		BE7BBC6E1DA70A5C00ABDB4F /* PBXTargetDependency */ = {
			isa = PBXTargetDependency;
			target = BE7BBC4C1DA70A5B00ABDB4F /* pruebasGITHUBOCT16 */;
			targetProxy = BE7BBC6D1DA70A5C00ABDB4F /* PBXContainerItemProxy */;
		};
/* End PBXTargetDependency section */

/* Begin PBXVariantGroup section */
		BE7BBC541DA70A5B00ABDB4F /* Main.storyboard */ = {
			isa = PBXVariantGroup;
			children = (
				BE7BBC551DA70A5B00ABDB4F /* Base */,
			);
			name = Main.storyboard;
			sourceTree = "<group>";
		};
		BE7BBC591DA70A5B00ABDB4F /* LaunchScreen.storyboard */ = {
			isa = PBXVariantGroup;
			children = (
				BE7BBC5A1DA70A5B00ABDB4F /* Base */,
			);
			name = LaunchScreen.storyboard;
			sourceTree = "<group>";
		};
/* End PBXVariantGroup section */

/* Begin XCBuildConfiguration section */
		BE7BBC731DA70A5C00ABDB4F /* Debug */ = {
			isa = XCBuildConfiguration;
			buildSettings = {
				ALWAYS_SEARCH_USER_PATHS = NO;
				CLANG_ANALYZER_NONNULL = YES;
				CLANG_CXX_LANGUAGE_STANDARD = "gnu++0x";
				CLANG_CXX_LIBRARY = "libc++";
				CLANG_ENABLE_MODULES = YES;
				CLANG_ENABLE_OBJC_ARC = YES;
				CLANG_WARN_BOOL_CONVERSION = YES;
				CLANG_WARN_CONSTANT_CONVERSION = YES;
				CLANG_WARN_DIRECT_OBJC_ISA_USAGE = YES_ERROR;
				CLANG_WARN_EMPTY_BODY = YES;
				CLANG_WARN_ENUM_CONVERSION = YES;
				CLANG_WARN_INT_CONVERSION = YES;
				CLANG_WARN_OBJC_ROOT_CLASS = YES_ERROR;
				CLANG_WARN_UNREACHABLE_CODE = YES;
				CLANG_WARN__DUPLICATE_METHOD_MATCH = YES;
				"CODE_SIGN_IDENTITY[sdk=iphoneos*]" = "iPhone Developer";
				COPY_PHASE_STRIP = NO;
				DEBUG_INFORMATION_FORMAT = dwarf;
				ENABLE_STRICT_OBJC_MSGSEND = YES;
				ENABLE_TESTABILITY = YES;
				GCC_C_LANGUAGE_STANDARD = gnu99;
				GCC_DYNAMIC_NO_PIC = NO;
				GCC_NO_COMMON_BLOCKS = YES;
				GCC_OPTIMIZATION_LEVEL = 0;
				GCC_PREPROCESSOR_DEFINITIONS = (
					"DEBUG=1",
					"$(inherited)",
				);
				GCC_WARN_64_TO_32_BIT_CONVERSION = YES;
				GCC_WARN_ABOUT_RETURN_TYPE = YES_ERROR;
				GCC_WARN_UNDECLARED_SELECTOR = YES;
				GCC_WARN_UNINITIALIZED_AUTOS = YES_AGGRESSIVE;
				GCC_WARN_UNUSED_FUNCTION = YES;
				GCC_WARN_UNUSED_VARIABLE = YES;
				IPHONEOS_DEPLOYMENT_TARGET = 9.3;
				MTL_ENABLE_DEBUG_INFO = YES;
				ONLY_ACTIVE_ARCH = YES;
				SDKROOT = iphoneos;
				SWIFT_OPTIMIZATION_LEVEL = "-Onone";
			};
			name = Debug;
		};
		BE7BBC741DA70A5C00ABDB4F /* Release */ = {
			isa = XCBuildConfiguration;
			buildSettings = {
				ALWAYS_SEARCH_USER_PATHS = NO;
				CLANG_ANALYZER_NONNULL = YES;
				CLANG_CXX_LANGUAGE_STANDARD = "gnu++0x";
				CLANG_CXX_LIBRARY = "libc++";
				CLANG_ENABLE_MODULES = YES;
				CLANG_ENABLE_OBJC_ARC = YES;
				CLANG_WARN_BOOL_CONVERSION = YES;
				CLANG_WARN_CONSTANT_CONVERSION = YES;
				CLANG_WARN_DIRECT_OBJC_ISA_USAGE = YES_ERROR;
				CLANG_WARN_EMPTY_BODY = YES;
				CLANG_WARN_ENUM_CONVERSION = YES;
				CLANG_WARN_INT_CONVERSION = YES;
				CLANG_WARN_OBJC_ROOT_CLASS = YES_ERROR;
				CLANG_WARN_UNREACHABLE_CODE = YES;
				CLANG_WARN__DUPLICATE_METHOD_MATCH = YES;
				"CODE_SIGN_IDENTITY[sdk=iphoneos*]" = "iPhone Developer";
				COPY_PHASE_STRIP = NO;
				DEBUG_INFORMATION_FORMAT = "dwarf-with-dsym";
				ENABLE_NS_ASSERTIONS = NO;
				ENABLE_STRICT_OBJC_MSGSEND = YES;
				GCC_C_LANGUAGE_STANDARD = gnu99;
				GCC_NO_COMMON_BLOCKS = YES;
				GCC_WARN_64_TO_32_BIT_CONVERSION = YES;
				GCC_WARN_ABOUT_RETURN_TYPE = YES_ERROR;
				GCC_WARN_UNDECLARED_SELECTOR = YES;
				GCC_WARN_UNINITIALIZED_AUTOS = YES_AGGRESSIVE;
				GCC_WARN_UNUSED_FUNCTION = YES;
				GCC_WARN_UNUSED_VARIABLE = YES;
				IPHONEOS_DEPLOYMENT_TARGET = 9.3;
				MTL_ENABLE_DEBUG_INFO = NO;
				SDKROOT = iphoneos;
				VALIDATE_PRODUCT = YES;
			};
			name = Release;
		};
		BE7BBC761DA70A5C00ABDB4F /* Debug */ = {
			isa = XCBuildConfiguration;
			buildSettings = {
				ASSETCATALOG_COMPILER_APPICON_NAME = AppIcon;
				INFOPLIST_FILE = pruebasGITHUBOCT16/Info.plist;
				LD_RUNPATH_SEARCH_PATHS = "$(inherited) @executable_path/Frameworks";
				PRODUCT_BUNDLE_IDENTIFIER = pruebas.HMV.pruebasGITHUBOCT16;
				PRODUCT_NAME = "$(TARGET_NAME)";
			};
			name = Debug;
		};
		BE7BBC771DA70A5C00ABDB4F /* Release */ = {
			isa = XCBuildConfiguration;
			buildSettings = {
				ASSETCATALOG_COMPILER_APPICON_NAME = AppIcon;
				INFOPLIST_FILE = pruebasGITHUBOCT16/Info.plist;
				LD_RUNPATH_SEARCH_PATHS = "$(inherited) @executable_path/Frameworks";
				PRODUCT_BUNDLE_IDENTIFIER = pruebas.HMV.pruebasGITHUBOCT16;
				PRODUCT_NAME = "$(TARGET_NAME)";
			};
			name = Release;
		};
		BE7BBC791DA70A5C00ABDB4F /* Debug */ = {
			isa = XCBuildConfiguration;
			buildSettings = {
				BUNDLE_LOADER = "$(TEST_HOST)";
				INFOPLIST_FILE = pruebasGITHUBOCT16Tests/Info.plist;
				LD_RUNPATH_SEARCH_PATHS = "$(inherited) @executable_path/Frameworks @loader_path/Frameworks";
				PRODUCT_BUNDLE_IDENTIFIER = pruebas.HMV.pruebasGITHUBOCT16Tests;
				PRODUCT_NAME = "$(TARGET_NAME)";
				TEST_HOST = "$(BUILT_PRODUCTS_DIR)/pruebasGITHUBOCT16.app/pruebasGITHUBOCT16";
			};
			name = Debug;
		};
		BE7BBC7A1DA70A5C00ABDB4F /* Release */ = {
			isa = XCBuildConfiguration;
			buildSettings = {
				BUNDLE_LOADER = "$(TEST_HOST)";
				INFOPLIST_FILE = pruebasGITHUBOCT16Tests/Info.plist;
				LD_RUNPATH_SEARCH_PATHS = "$(inherited) @executable_path/Frameworks @loader_path/Frameworks";
				PRODUCT_BUNDLE_IDENTIFIER = pruebas.HMV.pruebasGITHUBOCT16Tests;
				PRODUCT_NAME = "$(TARGET_NAME)";
				TEST_HOST = "$(BUILT_PRODUCTS_DIR)/pruebasGITHUBOCT16.app/pruebasGITHUBOCT16";
			};
			name = Release;
		};
		BE7BBC7C1DA70A5C00ABDB4F /* Debug */ = {
			isa = XCBuildConfiguration;
			buildSettings = {
				INFOPLIST_FILE = pruebasGITHUBOCT16UITests/Info.plist;
				LD_RUNPATH_SEARCH_PATHS = "$(inherited) @executable_path/Frameworks @loader_path/Frameworks";
				PRODUCT_BUNDLE_IDENTIFIER = pruebas.HMV.pruebasGITHUBOCT16UITests;
				PRODUCT_NAME = "$(TARGET_NAME)";
				TEST_TARGET_NAME = pruebasGITHUBOCT16;
			};
			name = Debug;
		};
		BE7BBC7D1DA70A5C00ABDB4F /* Release */ = {
			isa = XCBuildConfiguration;
			buildSettings = {
				INFOPLIST_FILE = pruebasGITHUBOCT16UITests/Info.plist;
				LD_RUNPATH_SEARCH_PATHS = "$(inherited) @executable_path/Frameworks @loader_path/Frameworks";
				PRODUCT_BUNDLE_IDENTIFIER = pruebas.HMV.pruebasGITHUBOCT16UITests;
				PRODUCT_NAME = "$(TARGET_NAME)";
				TEST_TARGET_NAME = pruebasGITHUBOCT16;
			};
			name = Release;
		};
/* End XCBuildConfiguration section */

/* Begin XCConfigurationList section */
		BE7BBC481DA70A5B00ABDB4F /* Build configuration list for PBXProject "pruebasGITHUBOCT16" */ = {
			isa = XCConfigurationList;
			buildConfigurations = (
				BE7BBC731DA70A5C00ABDB4F /* Debug */,
				BE7BBC741DA70A5C00ABDB4F /* Release */,
			);
			defaultConfigurationIsVisible = 0;
			defaultConfigurationName = Release;
		};
		BE7BBC751DA70A5C00ABDB4F /* Build configuration list for PBXNativeTarget "pruebasGITHUBOCT16" */ = {
			isa = XCConfigurationList;
			buildConfigurations = (
				BE7BBC761DA70A5C00ABDB4F /* Debug */,
				BE7BBC771DA70A5C00ABDB4F /* Release */,
			);
			defaultConfigurationIsVisible = 0;
		};
		BE7BBC781DA70A5C00ABDB4F /* Build configuration list for PBXNativeTarget "pruebasGITHUBOCT16Tests" */ = {
			isa = XCConfigurationList;
			buildConfigurations = (
				BE7BBC791DA70A5C00ABDB4F /* Debug */,
				BE7BBC7A1DA70A5C00ABDB4F /* Release */,
			);
			defaultConfigurationIsVisible = 0;
		};
		BE7BBC7B1DA70A5C00ABDB4F /* Build configuration list for PBXNativeTarget "pruebasGITHUBOCT16UITests" */ = {
			isa = XCConfigurationList;
			buildConfigurations = (
				BE7BBC7C1DA70A5C00ABDB4F /* Debug */,
				BE7BBC7D1DA70A5C00ABDB4F /* Release */,
			);
			defaultConfigurationIsVisible = 0;
		};
/* End XCConfigurationList section */
	};
	rootObject = BE7BBC451DA70A5A00ABDB4F /* Project object */;
}
